// !$*UTF8*$!
{
	archiveVersion = 1;
	classes = {
	};
	objectVersion = 46;
	objects = {

/* Begin PBXBuildFile section */
		3FEF452B1587007200F0A94E /* UIKit.framework in Frameworks */ = {isa = PBXBuildFile; fileRef = 3FEF452A1587007200F0A94E /* UIKit.framework */; };
		3FEF452D1587007200F0A94E /* Foundation.framework in Frameworks */ = {isa = PBXBuildFile; fileRef = 3FEF452C1587007200F0A94E /* Foundation.framework */; };
		3FEF452F1587007200F0A94E /* CoreGraphics.framework in Frameworks */ = {isa = PBXBuildFile; fileRef = 3FEF452E1587007200F0A94E /* CoreGraphics.framework */; };
		3FEF45351587007200F0A94E /* InfoPlist.strings in Resources */ = {isa = PBXBuildFile; fileRef = 3FEF45331587007200F0A94E /* InfoPlist.strings */; };
		3FEF45371587007300F0A94E /* main.m in Sources */ = {isa = PBXBuildFile; fileRef = 3FEF45361587007300F0A94E /* main.m */; };
		3FEF453B1587007300F0A94E /* JHAppDelegate.m in Sources */ = {isa = PBXBuildFile; fileRef = 3FEF453A1587007300F0A94E /* JHAppDelegate.m */; };
		3FEF453E1587007300F0A94E /* JHViewController.m in Sources */ = {isa = PBXBuildFile; fileRef = 3FEF453D1587007300F0A94E /* JHViewController.m */; };
		3FEF45411587007300F0A94E /* JHViewController_iPhone.xib in Resources */ = {isa = PBXBuildFile; fileRef = 3FEF453F1587007300F0A94E /* JHViewController_iPhone.xib */; };
		3FEF45441587007300F0A94E /* JHViewController_iPad.xib in Resources */ = {isa = PBXBuildFile; fileRef = 3FEF45421587007300F0A94E /* JHViewController_iPad.xib */; };
		3FEF45551587011300F0A94E /* JHDataObject_ARC.m in Sources */ = {isa = PBXBuildFile; fileRef = 3FEF45541587011300F0A94E /* JHDataObject_ARC.m */; settings = {COMPILER_FLAGS = "-fobjc-arc"; }; };
		3FEF455B1587029D00F0A94E /* MKNetworkEngine.m in Sources */ = {isa = PBXBuildFile; fileRef = 3FEF45571587029D00F0A94E /* MKNetworkEngine.m */; settings = {COMPILER_FLAGS = "-fobjc-arc"; }; };
		3FEF455C1587029D00F0A94E /* MKNetworkOperation.m in Sources */ = {isa = PBXBuildFile; fileRef = 3FEF45581587029D00F0A94E /* MKNetworkOperation.m */; settings = {COMPILER_FLAGS = "-fobjc-arc"; }; };
		3FEF456E158702B100F0A94E /* NSAlert+MKNetworkKitAdditions.m in Sources */ = {isa = PBXBuildFile; fileRef = 3FEF4560158702B100F0A94E /* NSAlert+MKNetworkKitAdditions.m */; settings = {COMPILER_FLAGS = "-fobjc-arc"; }; };
		3FEF456F158702B100F0A94E /* NSData+Base64.m in Sources */ = {isa = PBXBuildFile; fileRef = 3FEF4562158702B100F0A94E /* NSData+Base64.m */; settings = {COMPILER_FLAGS = "-fobjc-arc"; }; };
		3FEF4570158702B100F0A94E /* NSDate+RFC1123.m in Sources */ = {isa = PBXBuildFile; fileRef = 3FEF4564158702B100F0A94E /* NSDate+RFC1123.m */; settings = {COMPILER_FLAGS = "-fobjc-arc"; }; };
		3FEF4571158702B100F0A94E /* NSDictionary+RequestEncoding.m in Sources */ = {isa = PBXBuildFile; fileRef = 3FEF4566158702B100F0A94E /* NSDictionary+RequestEncoding.m */; settings = {COMPILER_FLAGS = "-fobjc-arc"; }; };
		3FEF4572158702B100F0A94E /* NSString+MKNetworkKitAdditions.m in Sources */ = {isa = PBXBuildFile; fileRef = 3FEF4568158702B100F0A94E /* NSString+MKNetworkKitAdditions.m */; settings = {COMPILER_FLAGS = "-fobjc-arc"; }; };
		3FEF4573158702B100F0A94E /* UIAlertView+MKNetworkKitAdditions.m in Sources */ = {isa = PBXBuildFile; fileRef = 3FEF456A158702B100F0A94E /* UIAlertView+MKNetworkKitAdditions.m */; settings = {COMPILER_FLAGS = "-fobjc-arc"; }; };
		3FEF4574158702B100F0A94E /* Reachability.m in Sources */ = {isa = PBXBuildFile; fileRef = 3FEF456D158702B100F0A94E /* Reachability.m */; settings = {COMPILER_FLAGS = "-fobjc-arc"; }; };
		3FEF4578158703DB00F0A94E /* CFNetwork.framework in Frameworks */ = {isa = PBXBuildFile; fileRef = 3FEF4575158703DB00F0A94E /* CFNetwork.framework */; };
		3FEF4579158703DB00F0A94E /* Security.framework in Frameworks */ = {isa = PBXBuildFile; fileRef = 3FEF4576158703DB00F0A94E /* Security.framework */; };
		3FEF457A158703DB00F0A94E /* SystemConfiguration.framework in Frameworks */ = {isa = PBXBuildFile; fileRef = 3FEF4577158703DB00F0A94E /* SystemConfiguration.framework */; };
/* End PBXBuildFile section */

/* Begin PBXFileReference section */
		3FEF45261587007200F0A94E /* NonARCProject.app */ = {isa = PBXFileReference; explicitFileType = wrapper.application; includeInIndex = 0; path = NonARCProject.app; sourceTree = BUILT_PRODUCTS_DIR; };
		3FEF452A1587007200F0A94E /* UIKit.framework */ = {isa = PBXFileReference; lastKnownFileType = wrapper.framework; name = UIKit.framework; path = System/Library/Frameworks/UIKit.framework; sourceTree = SDKROOT; };
		3FEF452C1587007200F0A94E /* Foundation.framework */ = {isa = PBXFileReference; lastKnownFileType = wrapper.framework; name = Foundation.framework; path = System/Library/Frameworks/Foundation.framework; sourceTree = SDKROOT; };
		3FEF452E1587007200F0A94E /* CoreGraphics.framework */ = {isa = PBXFileReference; lastKnownFileType = wrapper.framework; name = CoreGraphics.framework; path = System/Library/Frameworks/CoreGraphics.framework; sourceTree = SDKROOT; };
		3FEF45321587007200F0A94E /* NonARCProject-Info.plist */ = {isa = PBXFileReference; lastKnownFileType = text.plist.xml; path = "NonARCProject-Info.plist"; sourceTree = "<group>"; };
		3FEF45341587007200F0A94E /* en */ = {isa = PBXFileReference; lastKnownFileType = text.plist.strings; name = en; path = en.lproj/InfoPlist.strings; sourceTree = "<group>"; };
		3FEF45361587007300F0A94E /* main.m */ = {isa = PBXFileReference; lastKnownFileType = sourcecode.c.objc; path = main.m; sourceTree = "<group>"; };
		3FEF45381587007300F0A94E /* NonARCProject-Prefix.pch */ = {isa = PBXFileReference; lastKnownFileType = sourcecode.c.h; path = "NonARCProject-Prefix.pch"; sourceTree = "<group>"; };
		3FEF45391587007300F0A94E /* JHAppDelegate.h */ = {isa = PBXFileReference; lastKnownFileType = sourcecode.c.h; path = JHAppDelegate.h; sourceTree = "<group>"; };
		3FEF453A1587007300F0A94E /* JHAppDelegate.m */ = {isa = PBXFileReference; lastKnownFileType = sourcecode.c.objc; path = JHAppDelegate.m; sourceTree = "<group>"; };
		3FEF453C1587007300F0A94E /* JHViewController.h */ = {isa = PBXFileReference; lastKnownFileType = sourcecode.c.h; path = JHViewController.h; sourceTree = "<group>"; };
		3FEF453D1587007300F0A94E /* JHViewController.m */ = {isa = PBXFileReference; lastKnownFileType = sourcecode.c.objc; path = JHViewController.m; sourceTree = "<group>"; };
		3FEF45401587007300F0A94E /* en */ = {isa = PBXFileReference; lastKnownFileType = file.xib; name = en; path = en.lproj/JHViewController_iPhone.xib; sourceTree = "<group>"; };
		3FEF45431587007300F0A94E /* en */ = {isa = PBXFileReference; lastKnownFileType = file.xib; name = en; path = en.lproj/JHViewController_iPad.xib; sourceTree = "<group>"; };
		3FEF45531587011300F0A94E /* JHDataObject_ARC.h */ = {isa = PBXFileReference; fileEncoding = 4; lastKnownFileType = sourcecode.c.h; path = JHDataObject_ARC.h; sourceTree = "<group>"; };
		3FEF45541587011300F0A94E /* JHDataObject_ARC.m */ = {isa = PBXFileReference; fileEncoding = 4; lastKnownFileType = sourcecode.c.objc; path = JHDataObject_ARC.m; sourceTree = "<group>"; };
		3FEF45571587029D00F0A94E /* MKNetworkEngine.m */ = {isa = PBXFileReference; fileEncoding = 4; lastKnownFileType = sourcecode.c.objc; path = MKNetworkEngine.m; sourceTree = "<group>"; };
		3FEF45581587029D00F0A94E /* MKNetworkOperation.m */ = {isa = PBXFileReference; fileEncoding = 4; lastKnownFileType = sourcecode.c.objc; path = MKNetworkOperation.m; sourceTree = "<group>"; };
		3FEF45591587029D00F0A94E /* MKNetworkKit.h */ = {isa = PBXFileReference; fileEncoding = 4; lastKnownFileType = sourcecode.c.h; path = MKNetworkKit.h; sourceTree = "<group>"; };
		3FEF455A1587029D00F0A94E /* MKNetworkOperation.h */ = {isa = PBXFileReference; fileEncoding = 4; lastKnownFileType = sourcecode.c.h; path = MKNetworkOperation.h; sourceTree = "<group>"; };
		3FEF455D158702A600F0A94E /* MKNetworkEngine.h */ = {isa = PBXFileReference; fileEncoding = 4; lastKnownFileType = sourcecode.c.h; path = MKNetworkEngine.h; sourceTree = "<group>"; };
		3FEF455F158702B100F0A94E /* NSAlert+MKNetworkKitAdditions.h */ = {isa = PBXFileReference; fileEncoding = 4; lastKnownFileType = sourcecode.c.h; path = "NSAlert+MKNetworkKitAdditions.h"; sourceTree = "<group>"; };
		3FEF4560158702B100F0A94E /* NSAlert+MKNetworkKitAdditions.m */ = {isa = PBXFileReference; fileEncoding = 4; lastKnownFileType = sourcecode.c.objc; path = "NSAlert+MKNetworkKitAdditions.m"; sourceTree = "<group>"; };
		3FEF4561158702B100F0A94E /* NSData+Base64.h */ = {isa = PBXFileReference; fileEncoding = 4; lastKnownFileType = sourcecode.c.h; path = "NSData+Base64.h"; sourceTree = "<group>"; };
		3FEF4562158702B100F0A94E /* NSData+Base64.m */ = {isa = PBXFileReference; fileEncoding = 4; lastKnownFileType = sourcecode.c.objc; path = "NSData+Base64.m"; sourceTree = "<group>"; };
		3FEF4563158702B100F0A94E /* NSDate+RFC1123.h */ = {isa = PBXFileReference; fileEncoding = 4; lastKnownFileType = sourcecode.c.h; path = "NSDate+RFC1123.h"; sourceTree = "<group>"; };
		3FEF4564158702B100F0A94E /* NSDate+RFC1123.m */ = {isa = PBXFileReference; fileEncoding = 4; lastKnownFileType = sourcecode.c.objc; path = "NSDate+RFC1123.m"; sourceTree = "<group>"; };
		3FEF4565158702B100F0A94E /* NSDictionary+RequestEncoding.h */ = {isa = PBXFileReference; fileEncoding = 4; lastKnownFileType = sourcecode.c.h; path = "NSDictionary+RequestEncoding.h"; sourceTree = "<group>"; };
		3FEF4566158702B100F0A94E /* NSDictionary+RequestEncoding.m */ = {isa = PBXFileReference; fileEncoding = 4; lastKnownFileType = sourcecode.c.objc; path = "NSDictionary+RequestEncoding.m"; sourceTree = "<group>"; };
		3FEF4567158702B100F0A94E /* NSString+MKNetworkKitAdditions.h */ = {isa = PBXFileReference; fileEncoding = 4; lastKnownFileType = sourcecode.c.h; path = "NSString+MKNetworkKitAdditions.h"; sourceTree = "<group>"; };
		3FEF4568158702B100F0A94E /* NSString+MKNetworkKitAdditions.m */ = {isa = PBXFileReference; fileEncoding = 4; lastKnownFileType = sourcecode.c.objc; path = "NSString+MKNetworkKitAdditions.m"; sourceTree = "<group>"; };
		3FEF4569158702B100F0A94E /* UIAlertView+MKNetworkKitAdditions.h */ = {isa = PBXFileReference; fileEncoding = 4; lastKnownFileType = sourcecode.c.h; path = "UIAlertView+MKNetworkKitAdditions.h"; sourceTree = "<group>"; };
		3FEF456A158702B100F0A94E /* UIAlertView+MKNetworkKitAdditions.m */ = {isa = PBXFileReference; fileEncoding = 4; lastKnownFileType = sourcecode.c.objc; path = "UIAlertView+MKNetworkKitAdditions.m"; sourceTree = "<group>"; };
		3FEF456C158702B100F0A94E /* Reachability.h */ = {isa = PBXFileReference; fileEncoding = 4; lastKnownFileType = sourcecode.c.h; path = Reachability.h; sourceTree = "<group>"; };
		3FEF456D158702B100F0A94E /* Reachability.m */ = {isa = PBXFileReference; fileEncoding = 4; lastKnownFileType = sourcecode.c.objc; path = Reachability.m; sourceTree = "<group>"; };
		3FEF4575158703DB00F0A94E /* CFNetwork.framework */ = {isa = PBXFileReference; lastKnownFileType = wrapper.framework; name = CFNetwork.framework; path = System/Library/Frameworks/CFNetwork.framework; sourceTree = SDKROOT; };
		3FEF4576158703DB00F0A94E /* Security.framework */ = {isa = PBXFileReference; lastKnownFileType = wrapper.framework; name = Security.framework; path = System/Library/Frameworks/Security.framework; sourceTree = SDKROOT; };
		3FEF4577158703DB00F0A94E /* SystemConfiguration.framework */ = {isa = PBXFileReference; lastKnownFileType = wrapper.framework; name = SystemConfiguration.framework; path = System/Library/Frameworks/SystemConfiguration.framework; sourceTree = SDKROOT; };
/* End PBXFileReference section */

/* Begin PBXFrameworksBuildPhase section */
		3FEF45231587007200F0A94E /* Frameworks */ = {
			isa = PBXFrameworksBuildPhase;
			buildActionMask = 2147483647;
			files = (
				3FEF452B1587007200F0A94E /* UIKit.framework in Frameworks */,
				3FEF452D1587007200F0A94E /* Foundation.framework in Frameworks */,
				3FEF452F1587007200F0A94E /* CoreGraphics.framework in Frameworks */,
				3FEF4578158703DB00F0A94E /* CFNetwork.framework in Frameworks */,
				3FEF4579158703DB00F0A94E /* Security.framework in Frameworks */,
				3FEF457A158703DB00F0A94E /* SystemConfiguration.framework in Frameworks */,
			);
			runOnlyForDeploymentPostprocessing = 0;
		};
/* End PBXFrameworksBuildPhase section */

/* Begin PBXGroup section */
		3FEF451B1587007200F0A94E = {
			isa = PBXGroup;
			children = (
				3FEF45301587007200F0A94E /* NonARCProject */,
				3FEF45291587007200F0A94E /* Frameworks */,
				3FEF45271587007200F0A94E /* Products */,
			);
			sourceTree = "<group>";
		};
		3FEF45271587007200F0A94E /* Products */ = {
			isa = PBXGroup;
			children = (
				3FEF45261587007200F0A94E /* NonARCProject.app */,
			);
			name = Products;
			sourceTree = "<group>";
		};
		3FEF45291587007200F0A94E /* Frameworks */ = {
			isa = PBXGroup;
			children = (
				3FEF4575158703DB00F0A94E /* CFNetwork.framework */,
				3FEF4576158703DB00F0A94E /* Security.framework */,
				3FEF4577158703DB00F0A94E /* SystemConfiguration.framework */,
				3FEF452A1587007200F0A94E /* UIKit.framework */,
				3FEF452C1587007200F0A94E /* Foundation.framework */,
				3FEF452E1587007200F0A94E /* CoreGraphics.framework */,
			);
			name = Frameworks;
			sourceTree = "<group>";
		};
		3FEF45301587007200F0A94E /* NonARCProject */ = {
			isa = PBXGroup;
			children = (
				3FEF45561587028B00F0A94E /* MKNetworkEngine */,
				3FEF45531587011300F0A94E /* JHDataObject_ARC.h */,
				3FEF45541587011300F0A94E /* JHDataObject_ARC.m */,
				3FEF45391587007300F0A94E /* JHAppDelegate.h */,
				3FEF453A1587007300F0A94E /* JHAppDelegate.m */,
				3FEF453C1587007300F0A94E /* JHViewController.h */,
				3FEF453D1587007300F0A94E /* JHViewController.m */,
				3FEF453F1587007300F0A94E /* JHViewController_iPhone.xib */,
				3FEF45421587007300F0A94E /* JHViewController_iPad.xib */,
				3FEF45311587007200F0A94E /* Supporting Files */,
			);
			path = NonARCProject;
			sourceTree = "<group>";
		};
		3FEF45311587007200F0A94E /* Supporting Files */ = {
			isa = PBXGroup;
			children = (
				3FEF45321587007200F0A94E /* NonARCProject-Info.plist */,
				3FEF45331587007200F0A94E /* InfoPlist.strings */,
				3FEF45361587007300F0A94E /* main.m */,
				3FEF45381587007300F0A94E /* NonARCProject-Prefix.pch */,
			);
			name = "Supporting Files";
			sourceTree = "<group>";
		};
		3FEF45561587028B00F0A94E /* MKNetworkEngine */ = {
			isa = PBXGroup;
			children = (
				3FEF455E158702B100F0A94E /* Categories */,
				3FEF456B158702B100F0A94E /* Reachability */,
				3FEF45591587029D00F0A94E /* MKNetworkKit.h */,
				3FEF455D158702A600F0A94E /* MKNetworkEngine.h */,
				3FEF45571587029D00F0A94E /* MKNetworkEngine.m */,
				3FEF455A1587029D00F0A94E /* MKNetworkOperation.h */,
				3FEF45581587029D00F0A94E /* MKNetworkOperation.m */,
			);
			name = MKNetworkEngine;
			sourceTree = "<group>";
		};
		3FEF455E158702B100F0A94E /* Categories */ = {
			isa = PBXGroup;
			children = (
				3FEF455F158702B100F0A94E /* NSAlert+MKNetworkKitAdditions.h */,
				3FEF4560158702B100F0A94E /* NSAlert+MKNetworkKitAdditions.m */,
				3FEF4561158702B100F0A94E /* NSData+Base64.h */,
				3FEF4562158702B100F0A94E /* NSData+Base64.m */,
				3FEF4563158702B100F0A94E /* NSDate+RFC1123.h */,
				3FEF4564158702B100F0A94E /* NSDate+RFC1123.m */,
				3FEF4565158702B100F0A94E /* NSDictionary+RequestEncoding.h */,
				3FEF4566158702B100F0A94E /* NSDictionary+RequestEncoding.m */,
				3FEF4567158702B100F0A94E /* NSString+MKNetworkKitAdditions.h */,
				3FEF4568158702B100F0A94E /* NSString+MKNetworkKitAdditions.m */,
				3FEF4569158702B100F0A94E /* UIAlertView+MKNetworkKitAdditions.h */,
				3FEF456A158702B100F0A94E /* UIAlertView+MKNetworkKitAdditions.m */,
			);
			path = Categories;
			sourceTree = "<group>";
		};
		3FEF456B158702B100F0A94E /* Reachability */ = {
			isa = PBXGroup;
			children = (
				3FEF456C158702B100F0A94E /* Reachability.h */,
				3FEF456D158702B100F0A94E /* Reachability.m */,
			);
			path = Reachability;
			sourceTree = "<group>";
		};
/* End PBXGroup section */

/* Begin PBXNativeTarget section */
		3FEF45251587007200F0A94E /* NonARCProject */ = {
			isa = PBXNativeTarget;
			buildConfigurationList = 3FEF45471587007300F0A94E /* Build configuration list for PBXNativeTarget "NonARCProject" */;
			buildPhases = (
				3FEF45221587007200F0A94E /* Sources */,
				3FEF45231587007200F0A94E /* Frameworks */,
				3FEF45241587007200F0A94E /* Resources */,
			);
			buildRules = (
			);
			dependencies = (
			);
			name = NonARCProject;
			productName = NonARCProject;
			productReference = 3FEF45261587007200F0A94E /* NonARCProject.app */;
			productType = "com.apple.product-type.application";
		};
/* End PBXNativeTarget section */

/* Begin PBXProject section */
		3FEF451D1587007200F0A94E /* Project object */ = {
			isa = PBXProject;
			attributes = {
				CLASSPREFIX = JH;
				LastUpgradeCheck = 0430;
				ORGANIZATIONNAME = M.L.S.;
			};
			buildConfigurationList = 3FEF45201587007200F0A94E /* Build configuration list for PBXProject "NonARCProject" */;
			compatibilityVersion = "Xcode 3.2";
			developmentRegion = English;
			hasScannedForEncodings = 0;
			knownRegions = (
				en,
			);
			mainGroup = 3FEF451B1587007200F0A94E;
			productRefGroup = 3FEF45271587007200F0A94E /* Products */;
			projectDirPath = "";
			projectRoot = "";
			targets = (
				3FEF45251587007200F0A94E /* NonARCProject */,
			);
		};
/* End PBXProject section */

/* Begin PBXResourcesBuildPhase section */
		3FEF45241587007200F0A94E /* Resources */ = {
			isa = PBXResourcesBuildPhase;
			buildActionMask = 2147483647;
			files = (
				3FEF45351587007200F0A94E /* InfoPlist.strings in Resources */,
				3FEF45411587007300F0A94E /* JHViewController_iPhone.xib in Resources */,
				3FEF45441587007300F0A94E /* JHViewController_iPad.xib in Resources */,
			);
			runOnlyForDeploymentPostprocessing = 0;
		};
/* End PBXResourcesBuildPhase section */

/* Begin PBXSourcesBuildPhase section */
		3FEF45221587007200F0A94E /* Sources */ = {
			isa = PBXSourcesBuildPhase;
			buildActionMask = 2147483647;
			files = (
				3FEF45371587007300F0A94E /* main.m in Sources */,
				3FEF453B1587007300F0A94E /* JHAppDelegate.m in Sources */,
				3FEF453E1587007300F0A94E /* JHViewController.m in Sources */,
				3FEF45551587011300F0A94E /* JHDataObject_ARC.m in Sources */,
				3FEF455B1587029D00F0A94E /* MKNetworkEngine.m in Sources */,
				3FEF455C1587029D00F0A94E /* MKNetworkOperation.m in Sources */,
				3FEF456E158702B100F0A94E /* NSAlert+MKNetworkKitAdditions.m in Sources */,
				3FEF456F158702B100F0A94E /* NSData+Base64.m in Sources */,
				3FEF4570158702B100F0A94E /* NSDate+RFC1123.m in Sources */,
				3FEF4571158702B100F0A94E /* NSDictionary+RequestEncoding.m in Sources */,
				3FEF4572158702B100F0A94E /* NSString+MKNetworkKitAdditions.m in Sources */,
				3FEF4573158702B100F0A94E /* UIAlertView+MKNetworkKitAdditions.m in Sources */,
				3FEF4574158702B100F0A94E /* Reachability.m in Sources */,
			);
			runOnlyForDeploymentPostprocessing = 0;
		};
/* End PBXSourcesBuildPhase section */

/* Begin PBXVariantGroup section */
		3FEF45331587007200F0A94E /* InfoPlist.strings */ = {
			isa = PBXVariantGroup;
			children = (
				3FEF45341587007200F0A94E /* en */,
			);
			name = InfoPlist.strings;
			sourceTree = "<group>";
		};
		3FEF453F1587007300F0A94E /* JHViewController_iPhone.xib */ = {
			isa = PBXVariantGroup;
			children = (
				3FEF45401587007300F0A94E /* en */,
			);
			name = JHViewController_iPhone.xib;
			sourceTree = "<group>";
		};
		3FEF45421587007300F0A94E /* JHViewController_iPad.xib */ = {
			isa = PBXVariantGroup;
			children = (
				3FEF45431587007300F0A94E /* en */,
			);
			name = JHViewController_iPad.xib;
			sourceTree = "<group>";
		};
/* End PBXVariantGroup section */

/* Begin XCBuildConfiguration section */
		3FEF45451587007300F0A94E /* Debug */ = {
			isa = XCBuildConfiguration;
			buildSettings = {
				ALWAYS_SEARCH_USER_PATHS = NO;
				ARCHS = "$(ARCHS_STANDARD_32_BIT)";
				"CODE_SIGN_IDENTITY[sdk=iphoneos*]" = "iPhone Developer";
				COPY_PHASE_STRIP = NO;
				GCC_C_LANGUAGE_STANDARD = gnu99;
				GCC_DYNAMIC_NO_PIC = NO;
				GCC_OPTIMIZATION_LEVEL = 0;
				GCC_PREPROCESSOR_DEFINITIONS = (
					"DEBUG=1",
					"$(inherited)",
				);
				GCC_SYMBOLS_PRIVATE_EXTERN = NO;
				GCC_VERSION = com.apple.compilers.llvm.clang.1_0;
				GCC_WARN_ABOUT_RETURN_TYPE = YES;
				GCC_WARN_UNINITIALIZED_AUTOS = YES;
				GCC_WARN_UNUSED_VARIABLE = YES;
				IPHONEOS_DEPLOYMENT_TARGET = 5.1;
				SDKROOT = iphoneos;
				TARGETED_DEVICE_FAMILY = "1,2";
			};
			name = Debug;
		};
		3FEF45461587007300F0A94E /* Release */ = {
			isa = XCBuildConfiguration;
			buildSettings = {
				ALWAYS_SEARCH_USER_PATHS = NO;
				ARCHS = "$(ARCHS_STANDARD_32_BIT)";
				"CODE_SIGN_IDENTITY[sdk=iphoneos*]" = "iPhone Developer";
				COPY_PHASE_STRIP = YES;
				GCC_C_LANGUAGE_STANDARD = gnu99;
				GCC_VERSION = com.apple.compilers.llvm.clang.1_0;
				GCC_WARN_ABOUT_RETURN_TYPE = YES;
				GCC_WARN_UNINITIALIZED_AUTOS = YES;
				GCC_WARN_UNUSED_VARIABLE = YES;
				IPHONEOS_DEPLOYMENT_TARGET = 5.1;
				OTHER_CFLAGS = "-DNS_BLOCK_ASSERTIONS=1";
				SDKROOT = iphoneos;
				TARGETED_DEVICE_FAMILY = "1,2";
				VALIDATE_PRODUCT = YES;
			};
			name = Release;
		};
		3FEF45481587007300F0A94E /* Debug */ = {
			isa = XCBuildConfiguration;
			buildSettings = {
				GCC_PRECOMPILE_PREFIX_HEADER = YES;
				GCC_PREFIX_HEADER = "NonARCProject/NonARCProject-Prefix.pch";
				INFOPLIST_FILE = "NonARCProject/NonARCProject-Info.plist";
				OTHER_LDFLAGS = "-fobjc-arc";
				PRODUCT_NAME = "$(TARGET_NAME)";
				WRAPPER_EXTENSION = app;
			};
			name = Debug;
		};
		3FEF45491587007300F0A94E /* Release */ = {
			isa = XCBuildConfiguration;
			buildSettings = {
				GCC_PRECOMPILE_PREFIX_HEADER = YES;
				GCC_PREFIX_HEADER = "NonARCProject/NonARCProject-Prefix.pch";
				INFOPLIST_FILE = "NonARCProject/NonARCProject-Info.plist";
				OTHER_LDFLAGS = "-fobjc-arc";
				PRODUCT_NAME = "$(TARGET_NAME)";
				WRAPPER_EXTENSION = app;
			};
			name = Release;
		};
/* End XCBuildConfiguration section */

/* Begin XCConfigurationList section */
		3FEF45201587007200F0A94E /* Build configuration list for PBXProject "NonARCProject" */ = {
			isa = XCConfigurationList;
			buildConfigurations = (
				3FEF45451587007300F0A94E /* Debug */,
				3FEF45461587007300F0A94E /* Release */,
			);
			defaultConfigurationIsVisible = 0;
			defaultConfigurationName = Release;
		};
		3FEF45471587007300F0A94E /* Build configuration list for PBXNativeTarget "NonARCProject" */ = {
			isa = XCConfigurationList;
			buildConfigurations = (
				3FEF45481587007300F0A94E /* Debug */,
				3FEF45491587007300F0A94E /* Release */,
			);
			defaultConfigurationIsVisible = 0;
		};
/* End XCConfigurationList section */
	};
	rootObject = 3FEF451D1587007200F0A94E /* Project object */;
}
